// !$*UTF8*$!
{
	archiveVersion = 1;
	classes = {
	};
	objectVersion = 51;
	objects = {

/* Begin PBXBuildFile section */
		7DBD4DFE265D41AF009F7DA9 /* Pods_RadioBroadcastingExample.framework in Frameworks */ = {isa = PBXBuildFile; fileRef = 1B1B6689E97D964E8175DB9D /* Pods_RadioBroadcastingExample.framework */; };
		7DBD4DFF265D41AF009F7DA9 /* Pods_RadioBroadcastingExample.framework in Embed Frameworks */ = {isa = PBXBuildFile; fileRef = 1B1B6689E97D964E8175DB9D /* Pods_RadioBroadcastingExample.framework */; settings = {ATTRIBUTES = (CodeSignOnCopy, RemoveHeadersOnCopy, ); }; };
		7DBD4E02265D4217009F7DA9 /* Broadcasting.swift in Sources */ = {isa = PBXBuildFile; fileRef = 7DBD4E01265D4217009F7DA9 /* Broadcasting.swift */; };
		7DD573A82666D3C500739E5E /* ImageCaptureSession.swift in Sources */ = {isa = PBXBuildFile; fileRef = 7DD573A72666D3C500739E5E /* ImageCaptureSession.swift */; };
		7DDFB5C2265D4087002B60BF /* AppDelegate.swift in Sources */ = {isa = PBXBuildFile; fileRef = 7DDFB5C1265D4087002B60BF /* AppDelegate.swift */; };
		7DDFB5C4265D4087002B60BF /* SceneDelegate.swift in Sources */ = {isa = PBXBuildFile; fileRef = 7DDFB5C3265D4087002B60BF /* SceneDelegate.swift */; };
		7DDFB5C6265D4087002B60BF /* ViewController.swift in Sources */ = {isa = PBXBuildFile; fileRef = 7DDFB5C5265D4087002B60BF /* ViewController.swift */; };
		7DDFB5C9265D4087002B60BF /* Main.storyboard in Resources */ = {isa = PBXBuildFile; fileRef = 7DDFB5C7265D4087002B60BF /* Main.storyboard */; };
		7DDFB5CB265D408A002B60BF /* Assets.xcassets in Resources */ = {isa = PBXBuildFile; fileRef = 7DDFB5CA265D408A002B60BF /* Assets.xcassets */; };
		7DDFB5CE265D408A002B60BF /* LaunchScreen.storyboard in Resources */ = {isa = PBXBuildFile; fileRef = 7DDFB5CC265D408A002B60BF /* LaunchScreen.storyboard */; };
		7DF8951B2687A49700435043 /* RadioImageEncoder.swift in Sources */ = {isa = PBXBuildFile; fileRef = 7DF8951A2687A49700435043 /* RadioImageEncoder.swift */; };
/* End PBXBuildFile section */

/* Begin PBXCopyFilesBuildPhase section */
		7DBD4E00265D41AF009F7DA9 /* Embed Frameworks */ = {
			isa = PBXCopyFilesBuildPhase;
			buildActionMask = 2147483647;
			dstPath = "";
			dstSubfolderSpec = 10;
			files = (
				7DBD4DFF265D41AF009F7DA9 /* Pods_RadioBroadcastingExample.framework in Embed Frameworks */,
			);
			name = "Embed Frameworks";
			runOnlyForDeploymentPostprocessing = 0;
		};
/* End PBXCopyFilesBuildPhase section */

/* Begin PBXFileReference section */
		1B1B6689E97D964E8175DB9D /* Pods_RadioBroadcastingExample.framework */ = {isa = PBXFileReference; explicitFileType = wrapper.framework; includeInIndex = 0; path = Pods_RadioBroadcastingExample.framework; sourceTree = BUILT_PRODUCTS_DIR; };
		7DBD4E01265D4217009F7DA9 /* Broadcasting.swift */ = {isa = PBXFileReference; lastKnownFileType = sourcecode.swift; path = Broadcasting.swift; sourceTree = "<group>"; };
		7DD573A72666D3C500739E5E /* ImageCaptureSession.swift */ = {isa = PBXFileReference; lastKnownFileType = sourcecode.swift; path = ImageCaptureSession.swift; sourceTree = "<group>"; };
		7DDFB5BE265D4087002B60BF /* RadioBroadcastingExample.app */ = {isa = PBXFileReference; explicitFileType = wrapper.application; includeInIndex = 0; path = RadioBroadcastingExample.app; sourceTree = BUILT_PRODUCTS_DIR; };
		7DDFB5C1265D4087002B60BF /* AppDelegate.swift */ = {isa = PBXFileReference; lastKnownFileType = sourcecode.swift; path = AppDelegate.swift; sourceTree = "<group>"; };
		7DDFB5C3265D4087002B60BF /* SceneDelegate.swift */ = {isa = PBXFileReference; lastKnownFileType = sourcecode.swift; path = SceneDelegate.swift; sourceTree = "<group>"; };
		7DDFB5C5265D4087002B60BF /* ViewController.swift */ = {isa = PBXFileReference; lastKnownFileType = sourcecode.swift; path = ViewController.swift; sourceTree = "<group>"; };
		7DDFB5C8265D4087002B60BF /* Base */ = {isa = PBXFileReference; lastKnownFileType = file.storyboard; name = Base; path = Base.lproj/Main.storyboard; sourceTree = "<group>"; };
		7DDFB5CA265D408A002B60BF /* Assets.xcassets */ = {isa = PBXFileReference; lastKnownFileType = folder.assetcatalog; path = Assets.xcassets; sourceTree = "<group>"; };
		7DDFB5CD265D408A002B60BF /* Base */ = {isa = PBXFileReference; lastKnownFileType = file.storyboard; name = Base; path = Base.lproj/LaunchScreen.storyboard; sourceTree = "<group>"; };
		7DDFB5CF265D408A002B60BF /* Info.plist */ = {isa = PBXFileReference; lastKnownFileType = text.plist.xml; path = Info.plist; sourceTree = "<group>"; };
		7DF8951A2687A49700435043 /* RadioImageEncoder.swift */ = {isa = PBXFileReference; lastKnownFileType = sourcecode.swift; path = RadioImageEncoder.swift; sourceTree = "<group>"; };
		94199A765C16997D08792D98 /* Pods-RadioBroadcastingExample.debug.xcconfig */ = {isa = PBXFileReference; includeInIndex = 1; lastKnownFileType = text.xcconfig; name = "Pods-RadioBroadcastingExample.debug.xcconfig"; path = "Target Support Files/Pods-RadioBroadcastingExample/Pods-RadioBroadcastingExample.debug.xcconfig"; sourceTree = "<group>"; };
		D70FDD0CD4DC2FE2410FCFF3 /* Pods-RadioBroadcastingExample.release.xcconfig */ = {isa = PBXFileReference; includeInIndex = 1; lastKnownFileType = text.xcconfig; name = "Pods-RadioBroadcastingExample.release.xcconfig"; path = "Target Support Files/Pods-RadioBroadcastingExample/Pods-RadioBroadcastingExample.release.xcconfig"; sourceTree = "<group>"; };
/* End PBXFileReference section */

/* Begin PBXFrameworksBuildPhase section */
		7DDFB5BB265D4087002B60BF /* Frameworks */ = {
			isa = PBXFrameworksBuildPhase;
			buildActionMask = 2147483647;
			files = (
				7DBD4DFE265D41AF009F7DA9 /* Pods_RadioBroadcastingExample.framework in Frameworks */,
			);
			runOnlyForDeploymentPostprocessing = 0;
		};
/* End PBXFrameworksBuildPhase section */

/* Begin PBXGroup section */
		7DDFB5B5265D4087002B60BF = {
			isa = PBXGroup;
			children = (
				7DDFB5C0265D4087002B60BF /* RadioBroadcastingExample */,
				7DDFB5BF265D4087002B60BF /* Products */,
				B9EE9968D73D98E5666746E9 /* Pods */,
				C0561C6D3C3267248D15CBC3 /* Frameworks */,
			);
			sourceTree = "<group>";
		};
		7DDFB5BF265D4087002B60BF /* Products */ = {
			isa = PBXGroup;
			children = (
				7DDFB5BE265D4087002B60BF /* RadioBroadcastingExample.app */,
			);
			name = Products;
			sourceTree = "<group>";
		};
		7DDFB5C0265D4087002B60BF /* RadioBroadcastingExample */ = {
			isa = PBXGroup;
			children = (
				7DDFB5C1265D4087002B60BF /* AppDelegate.swift */,
				7DDFB5C3265D4087002B60BF /* SceneDelegate.swift */,
				7DDFB5C5265D4087002B60BF /* ViewController.swift */,
				7DDFB5C7265D4087002B60BF /* Main.storyboard */,
				7DDFB5CA265D408A002B60BF /* Assets.xcassets */,
				7DDFB5CC265D408A002B60BF /* LaunchScreen.storyboard */,
				7DDFB5CF265D408A002B60BF /* Info.plist */,
				7DBD4E01265D4217009F7DA9 /* Broadcasting.swift */,
				7DD573A72666D3C500739E5E /* ImageCaptureSession.swift */,
				7DF8951A2687A49700435043 /* RadioImageEncoder.swift */,
			);
			path = RadioBroadcastingExample;
			sourceTree = "<group>";
		};
		B9EE9968D73D98E5666746E9 /* Pods */ = {
			isa = PBXGroup;
			children = (
				94199A765C16997D08792D98 /* Pods-RadioBroadcastingExample.debug.xcconfig */,
				D70FDD0CD4DC2FE2410FCFF3 /* Pods-RadioBroadcastingExample.release.xcconfig */,
			);
			path = Pods;
			sourceTree = "<group>";
		};
		C0561C6D3C3267248D15CBC3 /* Frameworks */ = {
			isa = PBXGroup;
			children = (
				1B1B6689E97D964E8175DB9D /* Pods_RadioBroadcastingExample.framework */,
			);
			name = Frameworks;
			sourceTree = "<group>";
		};
/* End PBXGroup section */

/* Begin PBXNativeTarget section */
		7DDFB5BD265D4087002B60BF /* RadioBroadcastingExample */ = {
			isa = PBXNativeTarget;
			buildConfigurationList = 7DDFB5D2265D408A002B60BF /* Build configuration list for PBXNativeTarget "RadioBroadcastingExample" */;
			buildPhases = (
				A00CC3AC3A2BE57D534E23D4 /* [CP] Check Pods Manifest.lock */,
				7DDFB5BA265D4087002B60BF /* Sources */,
				7DDFB5BB265D4087002B60BF /* Frameworks */,
				7DDFB5BC265D4087002B60BF /* Resources */,
				6ED16960BB18B84EA28C0525 /* [CP] Embed Pods Frameworks */,
				7DBD4E00265D41AF009F7DA9 /* Embed Frameworks */,
			);
			buildRules = (
			);
			dependencies = (
			);
			name = RadioBroadcastingExample;
			productName = RadioBroadcastingExample;
			productReference = 7DDFB5BE265D4087002B60BF /* RadioBroadcastingExample.app */;
			productType = "com.apple.product-type.application";
		};
/* End PBXNativeTarget section */

/* Begin PBXProject section */
		7DDFB5B6265D4087002B60BF /* Project object */ = {
			isa = PBXProject;
			attributes = {
				LastSwiftUpdateCheck = 1240;
				LastUpgradeCheck = 1240;
				TargetAttributes = {
					7DDFB5BD265D4087002B60BF = {
						CreatedOnToolsVersion = 12.4;
					};
				};
			};
			buildConfigurationList = 7DDFB5B9265D4087002B60BF /* Build configuration list for PBXProject "RadioBroadcastingExample" */;
			compatibilityVersion = "Xcode 9.3";
			developmentRegion = en;
			hasScannedForEncodings = 0;
			knownRegions = (
				en,
				Base,
			);
			mainGroup = 7DDFB5B5265D4087002B60BF;
			productRefGroup = 7DDFB5BF265D4087002B60BF /* Products */;
			projectDirPath = "";
			projectRoot = "";
			targets = (
				7DDFB5BD265D4087002B60BF /* RadioBroadcastingExample */,
			);
		};
/* End PBXProject section */

/* Begin PBXResourcesBuildPhase section */
		7DDFB5BC265D4087002B60BF /* Resources */ = {
			isa = PBXResourcesBuildPhase;
			buildActionMask = 2147483647;
			files = (
				7DDFB5CE265D408A002B60BF /* LaunchScreen.storyboard in Resources */,
				7DDFB5CB265D408A002B60BF /* Assets.xcassets in Resources */,
				7DDFB5C9265D4087002B60BF /* Main.storyboard in Resources */,
			);
			runOnlyForDeploymentPostprocessing = 0;
		};
/* End PBXResourcesBuildPhase section */

/* Begin PBXShellScriptBuildPhase section */
		6ED16960BB18B84EA28C0525 /* [CP] Embed Pods Frameworks */ = {
			isa = PBXShellScriptBuildPhase;
			buildActionMask = 2147483647;
			files = (
			);
			inputFileListPaths = (
				"${PODS_ROOT}/Target Support Files/Pods-RadioBroadcastingExample/Pods-RadioBroadcastingExample-frameworks-${CONFIGURATION}-input-files.xcfilelist",
			);
			name = "[CP] Embed Pods Frameworks";
			outputFileListPaths = (
				"${PODS_ROOT}/Target Support Files/Pods-RadioBroadcastingExample/Pods-RadioBroadcastingExample-frameworks-${CONFIGURATION}-output-files.xcfilelist",
			);
			runOnlyForDeploymentPostprocessing = 0;
			shellPath = /bin/sh;
			shellScript = "\"${PODS_ROOT}/Target Support Files/Pods-RadioBroadcastingExample/Pods-RadioBroadcastingExample-frameworks.sh\"\n";
			showEnvVarsInLog = 0;
		};
		A00CC3AC3A2BE57D534E23D4 /* [CP] Check Pods Manifest.lock */ = {
			isa = PBXShellScriptBuildPhase;
			buildActionMask = 2147483647;
			files = (
			);
			inputFileListPaths = (
			);
			inputPaths = (
				"${PODS_PODFILE_DIR_PATH}/Podfile.lock",
				"${PODS_ROOT}/Manifest.lock",
			);
			name = "[CP] Check Pods Manifest.lock";
			outputFileListPaths = (
			);
			outputPaths = (
				"$(DERIVED_FILE_DIR)/Pods-RadioBroadcastingExample-checkManifestLockResult.txt",
			);
			runOnlyForDeploymentPostprocessing = 0;
			shellPath = /bin/sh;
			shellScript = "diff \"${PODS_PODFILE_DIR_PATH}/Podfile.lock\" \"${PODS_ROOT}/Manifest.lock\" > /dev/null\nif [ $? != 0 ] ; then\n    # print error to STDERR\n    echo \"error: The sandbox is not in sync with the Podfile.lock. Run 'pod install' or update your CocoaPods installation.\" >&2\n    exit 1\nfi\n# This output is used by Xcode 'outputs' to avoid re-running this script phase.\necho \"SUCCESS\" > \"${SCRIPT_OUTPUT_FILE_0}\"\n";
			showEnvVarsInLog = 0;
		};
/* End PBXShellScriptBuildPhase section */

/* Begin PBXSourcesBuildPhase section */
		7DDFB5BA265D4087002B60BF /* Sources */ = {
			isa = PBXSourcesBuildPhase;
			buildActionMask = 2147483647;
			files = (
				7DDFB5C6265D4087002B60BF /* ViewController.swift in Sources */,
				7DDFB5C2265D4087002B60BF /* AppDelegate.swift in Sources */,
				7DBD4E02265D4217009F7DA9 /* Broadcasting.swift in Sources */,
				7DDFB5C4265D4087002B60BF /* SceneDelegate.swift in Sources */,
				7DF8951B2687A49700435043 /* RadioImageEncoder.swift in Sources */,
				7DD573A82666D3C500739E5E /* ImageCaptureSession.swift in Sources */,
			);
			runOnlyForDeploymentPostprocessing = 0;
		};
/* End PBXSourcesBuildPhase section */

/* Begin PBXVariantGroup section */
		7DDFB5C7265D4087002B60BF /* Main.storyboard */ = {
			isa = PBXVariantGroup;
			children = (
				7DDFB5C8265D4087002B60BF /* Base */,
			);
			name = Main.storyboard;
			sourceTree = "<group>";
		};
		7DDFB5CC265D408A002B60BF /* LaunchScreen.storyboard */ = {
			isa = PBXVariantGroup;
			children = (
				7DDFB5CD265D408A002B60BF /* Base */,
			);
			name = LaunchScreen.storyboard;
			sourceTree = "<group>";
		};
/* End PBXVariantGroup section */

/* Begin XCBuildConfiguration section */
		7DDFB5D0265D408A002B60BF /* Debug */ = {
			isa = XCBuildConfiguration;
			buildSettings = {
				ALWAYS_SEARCH_USER_PATHS = NO;
				CLANG_ANALYZER_NONNULL = YES;
				CLANG_ANALYZER_NUMBER_OBJECT_CONVERSION = YES_AGGRESSIVE;
				CLANG_CXX_LANGUAGE_STANDARD = "gnu++14";
				CLANG_CXX_LIBRARY = "libc++";
				CLANG_ENABLE_MODULES = YES;
				CLANG_ENABLE_OBJC_ARC = YES;
				CLANG_ENABLE_OBJC_WEAK = YES;
				CLANG_WARN_BLOCK_CAPTURE_AUTORELEASING = YES;
				CLANG_WARN_BOOL_CONVERSION = YES;
				CLANG_WARN_COMMA = YES;
				CLANG_WARN_CONSTANT_CONVERSION = YES;
				CLANG_WARN_DEPRECATED_OBJC_IMPLEMENTATIONS = YES;
				CLANG_WARN_DIRECT_OBJC_ISA_USAGE = YES_ERROR;
				CLANG_WARN_DOCUMENTATION_COMMENTS = YES;
				CLANG_WARN_EMPTY_BODY = YES;
				CLANG_WARN_ENUM_CONVERSION = YES;
				CLANG_WARN_INFINITE_RECURSION = YES;
				CLANG_WARN_INT_CONVERSION = YES;
				CLANG_WARN_NON_LITERAL_NULL_CONVERSION = YES;
				CLANG_WARN_OBJC_IMPLICIT_RETAIN_SELF = YES;
				CLANG_WARN_OBJC_LITERAL_CONVERSION = YES;
				CLANG_WARN_OBJC_ROOT_CLASS = YES_ERROR;
				CLANG_WARN_QUOTED_INCLUDE_IN_FRAMEWORK_HEADER = YES;
				CLANG_WARN_RANGE_LOOP_ANALYSIS = YES;
				CLANG_WARN_STRICT_PROTOTYPES = YES;
				CLANG_WARN_SUSPICIOUS_MOVE = YES;
				CLANG_WARN_UNGUARDED_AVAILABILITY = YES_AGGRESSIVE;
				CLANG_WARN_UNREACHABLE_CODE = YES;
				CLANG_WARN__DUPLICATE_METHOD_MATCH = YES;
				COPY_PHASE_STRIP = NO;
				DEBUG_INFORMATION_FORMAT = "dwarf-with-dsym";
				ENABLE_STRICT_OBJC_MSGSEND = YES;
				ENABLE_TESTABILITY = YES;
				GCC_C_LANGUAGE_STANDARD = gnu11;
				GCC_DYNAMIC_NO_PIC = NO;
				GCC_NO_COMMON_BLOCKS = YES;
				GCC_OPTIMIZATION_LEVEL = 0;
				GCC_PREPROCESSOR_DEFINITIONS = (
					"DEBUG=1",
					"$(inherited)",
				);
				GCC_WARN_64_TO_32_BIT_CONVERSION = YES;
				GCC_WARN_ABOUT_RETURN_TYPE = YES_ERROR;
				GCC_WARN_UNDECLARED_SELECTOR = YES;
				GCC_WARN_UNINITIALIZED_AUTOS = YES_AGGRESSIVE;
				GCC_WARN_UNUSED_FUNCTION = YES;
				GCC_WARN_UNUSED_VARIABLE = YES;
				IPHONEOS_DEPLOYMENT_TARGET = 13.0;
				MTL_ENABLE_DEBUG_INFO = INCLUDE_SOURCE;
				MTL_FAST_MATH = YES;
				ONLY_ACTIVE_ARCH = NO;
				SDKROOT = iphoneos;
				SWIFT_ACTIVE_COMPILATION_CONDITIONS = DEBUG;
				SWIFT_OPTIMIZATION_LEVEL = "-Onone";
			};
			name = Debug;
		};
		7DDFB5D1265D408A002B60BF /* Release */ = {
			isa = XCBuildConfiguration;
			buildSettings = {
				ALWAYS_SEARCH_USER_PATHS = NO;
				CLANG_ANALYZER_NONNULL = YES;
				CLANG_ANALYZER_NUMBER_OBJECT_CONVERSION = YES_AGGRESSIVE;
				CLANG_CXX_LANGUAGE_STANDARD = "gnu++14";
				CLANG_CXX_LIBRARY = "libc++";
				CLANG_ENABLE_MODULES = YES;
				CLANG_ENABLE_OBJC_ARC = YES;
				CLANG_ENABLE_OBJC_WEAK = YES;
				CLANG_WARN_BLOCK_CAPTURE_AUTORELEASING = YES;
				CLANG_WARN_BOOL_CONVERSION = YES;
				CLANG_WARN_COMMA = YES;
				CLANG_WARN_CONSTANT_CONVERSION = YES;
				CLANG_WARN_DEPRECATED_OBJC_IMPLEMENTATIONS = YES;
				CLANG_WARN_DIRECT_OBJC_ISA_USAGE = YES_ERROR;
				CLANG_WARN_DOCUMENTATION_COMMENTS = YES;
				CLANG_WARN_EMPTY_BODY = YES;
				CLANG_WARN_ENUM_CONVERSION = YES;
				CLANG_WARN_INFINITE_RECURSION = YES;
				CLANG_WARN_INT_CONVERSION = YES;
				CLANG_WARN_NON_LITERAL_NULL_CONVERSION = YES;
				CLANG_WARN_OBJC_IMPLICIT_RETAIN_SELF = YES;
				CLANG_WARN_OBJC_LITERAL_CONVERSION = YES;
				CLANG_WARN_OBJC_ROOT_CLASS = YES_ERROR;
				CLANG_WARN_QUOTED_INCLUDE_IN_FRAMEWORK_HEADER = YES;
				CLANG_WARN_RANGE_LOOP_ANALYSIS = YES;
				CLANG_WARN_STRICT_PROTOTYPES = YES;
				CLANG_WARN_SUSPICIOUS_MOVE = YES;
				CLANG_WARN_UNGUARDED_AVAILABILITY = YES_AGGRESSIVE;
				CLANG_WARN_UNREACHABLE_CODE = YES;
				CLANG_WARN__DUPLICATE_METHOD_MATCH = YES;
				COPY_PHASE_STRIP = NO;
				DEBUG_INFORMATION_FORMAT = "dwarf-with-dsym";
				ENABLE_NS_ASSERTIONS = NO;
				ENABLE_STRICT_OBJC_MSGSEND = YES;
				GCC_C_LANGUAGE_STANDARD = gnu11;
				GCC_NO_COMMON_BLOCKS = YES;
				GCC_WARN_64_TO_32_BIT_CONVERSION = YES;
				GCC_WARN_ABOUT_RETURN_TYPE = YES_ERROR;
				GCC_WARN_UNDECLARED_SELECTOR = YES;
				GCC_WARN_UNINITIALIZED_AUTOS = YES_AGGRESSIVE;
				GCC_WARN_UNUSED_FUNCTION = YES;
				GCC_WARN_UNUSED_VARIABLE = YES;
				IPHONEOS_DEPLOYMENT_TARGET = 13.0;
				MTL_ENABLE_DEBUG_INFO = NO;
				MTL_FAST_MATH = YES;
				SDKROOT = iphoneos;
				SWIFT_COMPILATION_MODE = wholemodule;
				SWIFT_OPTIMIZATION_LEVEL = "-O";
				VALIDATE_PRODUCT = YES;
			};
			name = Release;
		};
		7DDFB5D3265D408A002B60BF /* Debug */ = {
			isa = XCBuildConfiguration;
			baseConfigurationReference = 94199A765C16997D08792D98 /* Pods-RadioBroadcastingExample.debug.xcconfig */;
			buildSettings = {
				ASSETCATALOG_COMPILER_APPICON_NAME = AppIcon;
				ASSETCATALOG_COMPILER_GLOBAL_ACCENT_COLOR_NAME = AccentColor;
				CODE_SIGN_STYLE = Automatic;
				DEVELOPMENT_TEAM = Q2N4A2LNJ8;
				INFOPLIST_FILE = RadioBroadcastingExample/Info.plist;
				LD_RUNPATH_SEARCH_PATHS = (
					"$(inherited)",
					"@executable_path/Frameworks",
				);
				PRODUCT_BUNDLE_IDENTIFIER = com.huiping192.RadioBroadcastingExample;
				PRODUCT_NAME = "$(TARGET_NAME)";
				SWIFT_VERSION = 5.0;
				TARGETED_DEVICE_FAMILY = "1,2";
			};
			name = Debug;
		};
		7DDFB5D4265D408A002B60BF /* Release */ = {
			isa = XCBuildConfiguration;
			baseConfigurationReference = D70FDD0CD4DC2FE2410FCFF3 /* Pods-RadioBroadcastingExample.release.xcconfig */;
			buildSettings = {
				ASSETCATALOG_COMPILER_APPICON_NAME = AppIcon;
				ASSETCATALOG_COMPILER_GLOBAL_ACCENT_COLOR_NAME = AccentColor;
				CODE_SIGN_STYLE = Automatic;
				DEVELOPMENT_TEAM = Q2N4A2LNJ8;
				INFOPLIST_FILE = RadioBroadcastingExample/Info.plist;
				LD_RUNPATH_SEARCH_PATHS = (
					"$(inherited)",
					"@executable_path/Frameworks",
				);
				PRODUCT_BUNDLE_IDENTIFIER = com.huiping.RadioBroadcastingExample;
				PRODUCT_NAME = "$(TARGET_NAME)";
				SWIFT_VERSION = 5.0;
				TARGETED_DEVICE_FAMILY = "1,2";
			};
			name = Release;
		};
/* End XCBuildConfiguration section */

/* Begin XCConfigurationList section */
		7DDFB5B9265D4087002B60BF /* Build configuration list for PBXProject "RadioBroadcastingExample" */ = {
			isa = XCConfigurationList;
			buildConfigurations = (
				7DDFB5D0265D408A002B60BF /* Debug */,
				7DDFB5D1265D408A002B60BF /* Release */,
			);
			defaultConfigurationIsVisible = 0;
			defaultConfigurationName = Release;
		};
		7DDFB5D2265D408A002B60BF /* Build configuration list for PBXNativeTarget "RadioBroadcastingExample" */ = {
			isa = XCConfigurationList;
			buildConfigurations = (
				7DDFB5D3265D408A002B60BF /* Debug */,
				7DDFB5D4265D408A002B60BF /* Release */,
			);
			defaultConfigurationIsVisible = 0;
			defaultConfigurationName = Release;
		};
/* End XCConfigurationList section */
	};
	rootObject = 7DDFB5B6265D4087002B60BF /* Project object */;
}
